// !$*UTF8*$!
{
	archiveVersion = 1;
	classes = {
	};
	objectVersion = 48;
	objects = {

/* Begin PBXBuildFile section */
		3F9B60882086A0E70087D976 /* FacebookCell.xib in Resources */ = {isa = PBXBuildFile; fileRef = 3F9B60872086A0E70087D976 /* FacebookCell.xib */; };
		3F9B608A2086A10A0087D976 /* FacebookCell.swift in Sources */ = {isa = PBXBuildFile; fileRef = 3F9B60892086A10A0087D976 /* FacebookCell.swift */; };
		BDE9CF492036174600C49271 /* AppDelegate.swift in Sources */ = {isa = PBXBuildFile; fileRef = BDE9CF482036174600C49271 /* AppDelegate.swift */; };
		BDE9CF4B2036174600C49271 /* ViewController.swift in Sources */ = {isa = PBXBuildFile; fileRef = BDE9CF4A2036174600C49271 /* ViewController.swift */; };
		BDE9CF4E2036174600C49271 /* Main.storyboard in Resources */ = {isa = PBXBuildFile; fileRef = BDE9CF4C2036174600C49271 /* Main.storyboard */; };
		BDE9CF502036174600C49271 /* Assets.xcassets in Resources */ = {isa = PBXBuildFile; fileRef = BDE9CF4F2036174600C49271 /* Assets.xcassets */; };
		BDE9CF532036174600C49271 /* LaunchScreen.storyboard in Resources */ = {isa = PBXBuildFile; fileRef = BDE9CF512036174600C49271 /* LaunchScreen.storyboard */; };
/* End PBXBuildFile section */

/* Begin PBXFileReference section */
		3F9B60872086A0E70087D976 /* FacebookCell.xib */ = {isa = PBXFileReference; lastKnownFileType = file.xib; path = FacebookCell.xib; sourceTree = "<group>"; };
		3F9B60892086A10A0087D976 /* FacebookCell.swift */ = {isa = PBXFileReference; lastKnownFileType = sourcecode.swift; path = FacebookCell.swift; sourceTree = "<group>"; };
		BDE9CF452036174600C49271 /* FacebookTableViewCell.app */ = {isa = PBXFileReference; explicitFileType = wrapper.application; includeInIndex = 0; path = FacebookTableViewCell.app; sourceTree = BUILT_PRODUCTS_DIR; };
		BDE9CF482036174600C49271 /* AppDelegate.swift */ = {isa = PBXFileReference; lastKnownFileType = sourcecode.swift; path = AppDelegate.swift; sourceTree = "<group>"; };
		BDE9CF4A2036174600C49271 /* ViewController.swift */ = {isa = PBXFileReference; lastKnownFileType = sourcecode.swift; path = ViewController.swift; sourceTree = "<group>"; };
		BDE9CF4D2036174600C49271 /* Base */ = {isa = PBXFileReference; lastKnownFileType = file.storyboard; name = Base; path = Base.lproj/Main.storyboard; sourceTree = "<group>"; };
		BDE9CF4F2036174600C49271 /* Assets.xcassets */ = {isa = PBXFileReference; lastKnownFileType = folder.assetcatalog; path = Assets.xcassets; sourceTree = "<group>"; };
		BDE9CF522036174600C49271 /* Base */ = {isa = PBXFileReference; lastKnownFileType = file.storyboard; name = Base; path = Base.lproj/LaunchScreen.storyboard; sourceTree = "<group>"; };
		BDE9CF542036174600C49271 /* Info.plist */ = {isa = PBXFileReference; lastKnownFileType = text.plist.xml; path = Info.plist; sourceTree = "<group>"; };
/* End PBXFileReference section */

/* Begin PBXFrameworksBuildPhase section */
		BDE9CF422036174600C49271 /* Frameworks */ = {
			isa = PBXFrameworksBuildPhase;
			buildActionMask = 2147483647;
			files = (
			);
			runOnlyForDeploymentPostprocessing = 0;
		};
/* End PBXFrameworksBuildPhase section */

/* Begin PBXGroup section */
		BDE9CF3C2036174600C49271 = {
			isa = PBXGroup;
			children = (
				BDE9CF472036174600C49271 /* FacebookTableViewCell */,
				BDE9CF462036174600C49271 /* Products */,
			);
			sourceTree = "<group>";
		};
		BDE9CF462036174600C49271 /* Products */ = {
			isa = PBXGroup;
			children = (
				BDE9CF452036174600C49271 /* FacebookTableViewCell.app */,
			);
			name = Products;
			sourceTree = "<group>";
		};
		BDE9CF472036174600C49271 /* FacebookTableViewCell */ = {
			isa = PBXGroup;
			children = (
				BDE9CF482036174600C49271 /* AppDelegate.swift */,
				BDE9CF4A2036174600C49271 /* ViewController.swift */,
				BDE9CF4C2036174600C49271 /* Main.storyboard */,
				3F9B60872086A0E70087D976 /* FacebookCell.xib */,
				3F9B60892086A10A0087D976 /* FacebookCell.swift */,
				BDE9CF4F2036174600C49271 /* Assets.xcassets */,
				BDE9CF512036174600C49271 /* LaunchScreen.storyboard */,
				BDE9CF542036174600C49271 /* Info.plist */,
			);
			path = FacebookTableViewCell;
			sourceTree = "<group>";
		};
/* End PBXGroup section */

/* Begin PBXNativeTarget section */
		BDE9CF442036174600C49271 /* FacebookTableViewCell */ = {
			isa = PBXNativeTarget;
			buildConfigurationList = BDE9CF572036174600C49271 /* Build configuration list for PBXNativeTarget "FacebookTableViewCell" */;
			buildPhases = (
				BDE9CF412036174600C49271 /* Sources */,
				BDE9CF422036174600C49271 /* Frameworks */,
				BDE9CF432036174600C49271 /* Resources */,
			);
			buildRules = (
			);
			dependencies = (
			);
			name = FacebookTableViewCell;
			productName = FacebookTableViewCell;
			productReference = BDE9CF452036174600C49271 /* FacebookTableViewCell.app */;
			productType = "com.apple.product-type.application";
		};
/* End PBXNativeTarget section */

/* Begin PBXProject section */
		BDE9CF3D2036174600C49271 /* Project object */ = {
			isa = PBXProject;
			attributes = {
				LastSwiftUpdateCheck = 0920;
				LastUpgradeCheck = 0920;
				ORGANIZATIONNAME = "Paul Solt";
				TargetAttributes = {
					BDE9CF442036174600C49271 = {
						CreatedOnToolsVersion = 9.2;
						ProvisioningStyle = Automatic;
					};
				};
			};
			buildConfigurationList = BDE9CF402036174600C49271 /* Build configuration list for PBXProject "FacebookTableViewCell" */;
			compatibilityVersion = "Xcode 8.0";
			developmentRegion = en;
			hasScannedForEncodings = 0;
			knownRegions = (
				en,
				Base,
			);
			mainGroup = BDE9CF3C2036174600C49271;
			productRefGroup = BDE9CF462036174600C49271 /* Products */;
			projectDirPath = "";
			projectRoot = "";
			targets = (
				BDE9CF442036174600C49271 /* FacebookTableViewCell */,
			);
		};
/* End PBXProject section */

/* Begin PBXResourcesBuildPhase section */
		BDE9CF432036174600C49271 /* Resources */ = {
			isa = PBXResourcesBuildPhase;
			buildActionMask = 2147483647;
			files = (
				BDE9CF532036174600C49271 /* LaunchScreen.storyboard in Resources */,
				BDE9CF502036174600C49271 /* Assets.xcassets in Resources */,
				BDE9CF4E2036174600C49271 /* Main.storyboard in Resources */,
				3F9B60882086A0E70087D976 /* FacebookCell.xib in Resources */,
			);
			runOnlyForDeploymentPostprocessing = 0;
		};
/* End PBXResourcesBuildPhase section */

/* Begin PBXSourcesBuildPhase section */
		BDE9CF412036174600C49271 /* Sources */ = {
			isa = PBXSourcesBuildPhase;
			buildActionMask = 2147483647;
			files = (
				BDE9CF4B2036174600C49271 /* ViewController.swift in Sources */,
				3F9B608A2086A10A0087D976 /* FacebookCell.swift in Sources */,
				BDE9CF492036174600C49271 /* AppDelegate.swift in Sources */,
			);
			runOnlyForDeploymentPostprocessing = 0;
		};
/* End PBXSourcesBuildPhase section */

/* Begin PBXVariantGroup section */
		BDE9CF4C2036174600C49271 /* Main.storyboard */ = {
			isa = PBXVariantGroup;
			children = (
				BDE9CF4D2036174600C49271 /* Base */,
			);
			name = Main.storyboard;
			sourceTree = "<group>";
		};
		BDE9CF512036174600C49271 /* LaunchScreen.storyboard */ = {
			isa = PBXVariantGroup;
			children = (
				BDE9CF522036174600C49271 /* Base */,
			);
			name = LaunchScreen.storyboard;
			sourceTree = "<group>";
		};
/* End PBXVariantGroup section */

/* Begin XCBuildConfiguration section */
		BDE9CF552036174600C49271 /* Debug */ = {
			isa = XCBuildConfiguration;
			buildSettings = {
				ALWAYS_SEARCH_USER_PATHS = NO;
				CLANG_ANALYZER_NONNULL = YES;
				CLANG_ANALYZER_NUMBER_OBJECT_CONVERSION = YES_AGGRESSIVE;
				CLANG_CXX_LANGUAGE_STANDARD = "gnu++14";
				CLANG_CXX_LIBRARY = "libc++";
				CLANG_ENABLE_MODULES = YES;
				CLANG_ENABLE_OBJC_ARC = YES;
				CLANG_WARN_BLOCK_CAPTURE_AUTORELEASING = YES;
				CLANG_WARN_BOOL_CONVERSION = YES;
				CLANG_WARN_COMMA = YES;
				CLANG_WARN_CONSTANT_CONVERSION = YES;
				CLANG_WARN_DIRECT_OBJC_ISA_USAGE = YES_ERROR;
				CLANG_WARN_DOCUMENTATION_COMMENTS = YES;
				CLANG_WARN_EMPTY_BODY = YES;
				CLANG_WARN_ENUM_CONVERSION = YES;
				CLANG_WARN_INFINITE_RECURSION = YES;
				CLANG_WARN_INT_CONVERSION = YES;
				CLANG_WARN_NON_LITERAL_NULL_CONVERSION = YES;
				CLANG_WARN_OBJC_LITERAL_CONVERSION = YES;
				CLANG_WARN_OBJC_ROOT_CLASS = YES_ERROR;
				CLANG_WARN_RANGE_LOOP_ANALYSIS = YES;
				CLANG_WARN_STRICT_PROTOTYPES = YES;
				CLANG_WARN_SUSPICIOUS_MOVE = YES;
				CLANG_WARN_UNGUARDED_AVAILABILITY = YES_AGGRESSIVE;
				CLANG_WARN_UNREACHABLE_CODE = YES;
				CLANG_WARN__DUPLICATE_METHOD_MATCH = YES;
				CODE_SIGN_IDENTITY = "iPhone Developer";
				COPY_PHASE_STRIP = NO;
				DEBUG_INFORMATION_FORMAT = dwarf;
				ENABLE_STRICT_OBJC_MSGSEND = YES;
				ENABLE_TESTABILITY = YES;
				GCC_C_LANGUAGE_STANDARD = gnu11;
				GCC_DYNAMIC_NO_PIC = NO;
				GCC_NO_COMMON_BLOCKS = YES;
				GCC_OPTIMIZATION_LEVEL = 0;
				GCC_PREPROCESSOR_DEFINITIONS = (
					"DEBUG=1",
					"$(inherited)",
				);
				GCC_WARN_64_TO_32_BIT_CONVERSION = YES;
				GCC_WARN_ABOUT_RETURN_TYPE = YES_ERROR;
				GCC_WARN_UNDECLARED_SELECTOR = YES;
				GCC_WARN_UNINITIALIZED_AUTOS = YES_AGGRESSIVE;
				GCC_WARN_UNUSED_FUNCTION = YES;
				GCC_WARN_UNUSED_VARIABLE = YES;
				IPHONEOS_DEPLOYMENT_TARGET = 11.2;
				MTL_ENABLE_DEBUG_INFO = YES;
				ONLY_ACTIVE_ARCH = YES;
				SDKROOT = iphoneos;
				SWIFT_ACTIVE_COMPILATION_CONDITIONS = DEBUG;
				SWIFT_OPTIMIZATION_LEVEL = "-Onone";
			};
			name = Debug;
		};
		BDE9CF562036174600C49271 /* Release */ = {
			isa = XCBuildConfiguration;
			buildSettings = {
				ALWAYS_SEARCH_USER_PATHS = NO;
				CLANG_ANALYZER_NONNULL = YES;
				CLANG_ANALYZER_NUMBER_OBJECT_CONVERSION = YES_AGGRESSIVE;
				CLANG_CXX_LANGUAGE_STANDARD = "gnu++14";
				CLANG_CXX_LIBRARY = "libc++";
				CLANG_ENABLE_MODULES = YES;
				CLANG_ENABLE_OBJC_ARC = YES;
				CLANG_WARN_BLOCK_CAPTURE_AUTORELEASING = YES;
				CLANG_WARN_BOOL_CONVERSION = YES;
				CLANG_WARN_COMMA = YES;
				CLANG_WARN_CONSTANT_CONVERSION = YES;
				CLANG_WARN_DIRECT_OBJC_ISA_USAGE = YES_ERROR;
				CLANG_WARN_DOCUMENTATION_COMMENTS = YES;
				CLANG_WARN_EMPTY_BODY = YES;
				CLANG_WARN_ENUM_CONVERSION = YES;
				CLANG_WARN_INFINITE_RECURSION = YES;
				CLANG_WARN_INT_CONVERSION = YES;
				CLANG_WARN_NON_LITERAL_NULL_CONVERSION = YES;
				CLANG_WARN_OBJC_LITERAL_CONVERSION = YES;
				CLANG_WARN_OBJC_ROOT_CLASS = YES_ERROR;
				CLANG_WARN_RANGE_LOOP_ANALYSIS = YES;
				CLANG_WARN_STRICT_PROTOTYPES = YES;
				CLANG_WARN_SUSPICIOUS_MOVE = YES;
				CLANG_WARN_UNGUARDED_AVAILABILITY = YES_AGGRESSIVE;
				CLANG_WARN_UNREACHABLE_CODE = YES;
				CLANG_WARN__DUPLICATE_METHOD_MATCH = YES;
				CODE_SIGN_IDENTITY = "iPhone Developer";
				COPY_PHASE_STRIP = NO;
				DEBUG_INFORMATION_FORMAT = "dwarf-with-dsym";
				ENABLE_NS_ASSERTIONS = NO;
				ENABLE_STRICT_OBJC_MSGSEND = YES;
				GCC_C_LANGUAGE_STANDARD = gnu11;
				GCC_NO_COMMON_BLOCKS = YES;
				GCC_WARN_64_TO_32_BIT_CONVERSION = YES;
				GCC_WARN_ABOUT_RETURN_TYPE = YES_ERROR;
				GCC_WARN_UNDECLARED_SELECTOR = YES;
				GCC_WARN_UNINITIALIZED_AUTOS = YES_AGGRESSIVE;
				GCC_WARN_UNUSED_FUNCTION = YES;
				GCC_WARN_UNUSED_VARIABLE = YES;
				IPHONEOS_DEPLOYMENT_TARGET = 11.2;
				MTL_ENABLE_DEBUG_INFO = NO;
				SDKROOT = iphoneos;
				SWIFT_OPTIMIZATION_LEVEL = "-Owholemodule";
				VALIDATE_PRODUCT = YES;
			};
			name = Release;
		};
		BDE9CF582036174600C49271 /* Debug */ = {
			isa = XCBuildConfiguration;
			buildSettings = {
				ASSETCATALOG_COMPILER_APPICON_NAME = AppIcon;
				CODE_SIGN_STYLE = Automatic;
				INFOPLIST_FILE = FacebookTableViewCell/Info.plist;
				LD_RUNPATH_SEARCH_PATHS = "$(inherited) @executable_path/Frameworks";
				PRODUCT_BUNDLE_IDENTIFIER = com.PaulSolt.FacebookTableViewCell;
				PRODUCT_NAME = "$(TARGET_NAME)";
				SWIFT_VERSION = 4.0;
				TARGETED_DEVICE_FAMILY = "1,2";
			};
			name = Debug;
		};
		BDE9CF592036174600C49271 /* Release */ = {
			isa = XCBuildConfiguration;
			buildSettings = {
				ASSETCATALOG_COMPILER_APPICON_NAME = AppIcon;
				CODE_SIGN_STYLE = Automatic;
				INFOPLIST_FILE = FacebookTableViewCell/Info.plist;
				LD_RUNPATH_SEARCH_PATHS = "$(inherited) @executable_path/Frameworks";
				PRODUCT_BUNDLE_IDENTIFIER = com.PaulSolt.FacebookTableViewCell;
				PRODUCT_NAME = "$(TARGET_NAME)";
				SWIFT_VERSION = 4.0;
				TARGETED_DEVICE_FAMILY = "1,2";
			};
			name = Release;
		};
/* End XCBuildConfiguration section */

/* Begin XCConfigurationList section */
		BDE9CF402036174600C49271 /* Build configuration list for PBXProject "FacebookTableViewCell" */ = {
			isa = XCConfigurationList;
			buildConfigurations = (
				BDE9CF552036174600C49271 /* Debug */,
				BDE9CF562036174600C49271 /* Release */,
			);
			defaultConfigurationIsVisible = 0;
			defaultConfigurationName = Release;
		};
		BDE9CF572036174600C49271 /* Build configuration list for PBXNativeTarget "FacebookTableViewCell" */ = {
			isa = XCConfigurationList;
			buildConfigurations = (
				BDE9CF582036174600C49271 /* Debug */,
				BDE9CF592036174600C49271 /* Release */,
			);
			defaultConfigurationIsVisible = 0;
			defaultConfigurationName = Release;
		};
/* End XCConfigurationList section */
	};
	rootObject = BDE9CF3D2036174600C49271 /* Project object */;
}
