// !$*UTF8*$!
{
	archiveVersion = 1;
	classes = {
	};
	objectVersion = 48;
	objects = {

/* Begin PBXBuildFile section */
		3FBB858F203F85440007ABB9 /* CounterModel.swift in Sources */ = {isa = PBXBuildFile; fileRef = 3FBB858E203F85440007ABB9 /* CounterModel.swift */; };
		BDE7AEA4203F6AF100D169F8 /* AppDelegate.swift in Sources */ = {isa = PBXBuildFile; fileRef = BDE7AEA3203F6AF100D169F8 /* AppDelegate.swift */; };
		BDE7AEA6203F6AF100D169F8 /* ViewController.swift in Sources */ = {isa = PBXBuildFile; fileRef = BDE7AEA5203F6AF100D169F8 /* ViewController.swift */; };
		BDE7AEA9203F6AF100D169F8 /* Main.storyboard in Resources */ = {isa = PBXBuildFile; fileRef = BDE7AEA7203F6AF100D169F8 /* Main.storyboard */; };
		BDE7AEAB203F6AF100D169F8 /* Assets.xcassets in Resources */ = {isa = PBXBuildFile; fileRef = BDE7AEAA203F6AF100D169F8 /* Assets.xcassets */; };
		BDE7AEAE203F6AF100D169F8 /* LaunchScreen.storyboard in Resources */ = {isa = PBXBuildFile; fileRef = BDE7AEAC203F6AF100D169F8 /* LaunchScreen.storyboard */; };
		BDE7AEB6203F70D100D169F8 /* CounterBrain.swift in Sources */ = {isa = PBXBuildFile; fileRef = BDE7AEB5203F70D100D169F8 /* CounterBrain.swift */; };
/* End PBXBuildFile section */

/* Begin PBXFileReference section */
		3FBB858E203F85440007ABB9 /* CounterModel.swift */ = {isa = PBXFileReference; lastKnownFileType = sourcecode.swift; path = CounterModel.swift; sourceTree = "<group>"; };
		BDE7AEA0203F6AF100D169F8 /* UserDefaults.app */ = {isa = PBXFileReference; explicitFileType = wrapper.application; includeInIndex = 0; path = UserDefaults.app; sourceTree = BUILT_PRODUCTS_DIR; };
		BDE7AEA3203F6AF100D169F8 /* AppDelegate.swift */ = {isa = PBXFileReference; lastKnownFileType = sourcecode.swift; path = AppDelegate.swift; sourceTree = "<group>"; };
		BDE7AEA5203F6AF100D169F8 /* ViewController.swift */ = {isa = PBXFileReference; lastKnownFileType = sourcecode.swift; path = ViewController.swift; sourceTree = "<group>"; };
		BDE7AEA8203F6AF100D169F8 /* Base */ = {isa = PBXFileReference; lastKnownFileType = file.storyboard; name = Base; path = Base.lproj/Main.storyboard; sourceTree = "<group>"; };
		BDE7AEAA203F6AF100D169F8 /* Assets.xcassets */ = {isa = PBXFileReference; lastKnownFileType = folder.assetcatalog; path = Assets.xcassets; sourceTree = "<group>"; };
		BDE7AEAD203F6AF100D169F8 /* Base */ = {isa = PBXFileReference; lastKnownFileType = file.storyboard; name = Base; path = Base.lproj/LaunchScreen.storyboard; sourceTree = "<group>"; };
		BDE7AEAF203F6AF100D169F8 /* Info.plist */ = {isa = PBXFileReference; lastKnownFileType = text.plist.xml; path = Info.plist; sourceTree = "<group>"; };
		BDE7AEB5203F70D100D169F8 /* CounterBrain.swift */ = {isa = PBXFileReference; lastKnownFileType = sourcecode.swift; path = CounterBrain.swift; sourceTree = "<group>"; };
/* End PBXFileReference section */

/* Begin PBXFrameworksBuildPhase section */
		BDE7AE9D203F6AF100D169F8 /* Frameworks */ = {
			isa = PBXFrameworksBuildPhase;
			buildActionMask = 2147483647;
			files = (
			);
			runOnlyForDeploymentPostprocessing = 0;
		};
/* End PBXFrameworksBuildPhase section */

/* Begin PBXGroup section */
		BDE7AE97203F6AF100D169F8 = {
			isa = PBXGroup;
			children = (
				BDE7AEA2203F6AF100D169F8 /* UserDefaults */,
				BDE7AEA1203F6AF100D169F8 /* Products */,
			);
			sourceTree = "<group>";
		};
		BDE7AEA1203F6AF100D169F8 /* Products */ = {
			isa = PBXGroup;
			children = (
				BDE7AEA0203F6AF100D169F8 /* UserDefaults.app */,
			);
			name = Products;
			sourceTree = "<group>";
		};
		BDE7AEA2203F6AF100D169F8 /* UserDefaults */ = {
			isa = PBXGroup;
			children = (
				BDE7AEA3203F6AF100D169F8 /* AppDelegate.swift */,
				BDE7AEA5203F6AF100D169F8 /* ViewController.swift */,
				BDE7AEB5203F70D100D169F8 /* CounterBrain.swift */,
				3FBB858E203F85440007ABB9 /* CounterModel.swift */,
				BDE7AEA7203F6AF100D169F8 /* Main.storyboard */,
				BDE7AEAA203F6AF100D169F8 /* Assets.xcassets */,
				BDE7AEAC203F6AF100D169F8 /* LaunchScreen.storyboard */,
				BDE7AEAF203F6AF100D169F8 /* Info.plist */,
			);
			path = UserDefaults;
			sourceTree = "<group>";
		};
/* End PBXGroup section */

/* Begin PBXNativeTarget section */
		BDE7AE9F203F6AF100D169F8 /* UserDefaults */ = {
			isa = PBXNativeTarget;
			buildConfigurationList = BDE7AEB2203F6AF100D169F8 /* Build configuration list for PBXNativeTarget "UserDefaults" */;
			buildPhases = (
				BDE7AE9C203F6AF100D169F8 /* Sources */,
				BDE7AE9D203F6AF100D169F8 /* Frameworks */,
				BDE7AE9E203F6AF100D169F8 /* Resources */,
			);
			buildRules = (
			);
			dependencies = (
			);
			name = UserDefaults;
			productName = UserDefaults;
			productReference = BDE7AEA0203F6AF100D169F8 /* UserDefaults.app */;
			productType = "com.apple.product-type.application";
		};
/* End PBXNativeTarget section */

/* Begin PBXProject section */
		BDE7AE98203F6AF100D169F8 /* Project object */ = {
			isa = PBXProject;
			attributes = {
				LastSwiftUpdateCheck = 0920;
				LastUpgradeCheck = 0920;
				ORGANIZATIONNAME = "Paul Solt";
				TargetAttributes = {
					BDE7AE9F203F6AF100D169F8 = {
						CreatedOnToolsVersion = 9.2;
						ProvisioningStyle = Automatic;
					};
				};
			};
			buildConfigurationList = BDE7AE9B203F6AF100D169F8 /* Build configuration list for PBXProject "UserDefaults" */;
			compatibilityVersion = "Xcode 8.0";
			developmentRegion = en;
			hasScannedForEncodings = 0;
			knownRegions = (
				en,
				Base,
			);
			mainGroup = BDE7AE97203F6AF100D169F8;
			productRefGroup = BDE7AEA1203F6AF100D169F8 /* Products */;
			projectDirPath = "";
			projectRoot = "";
			targets = (
				BDE7AE9F203F6AF100D169F8 /* UserDefaults */,
			);
		};
/* End PBXProject section */

/* Begin PBXResourcesBuildPhase section */
		BDE7AE9E203F6AF100D169F8 /* Resources */ = {
			isa = PBXResourcesBuildPhase;
			buildActionMask = 2147483647;
			files = (
				BDE7AEAE203F6AF100D169F8 /* LaunchScreen.storyboard in Resources */,
				BDE7AEAB203F6AF100D169F8 /* Assets.xcassets in Resources */,
				BDE7AEA9203F6AF100D169F8 /* Main.storyboard in Resources */,
			);
			runOnlyForDeploymentPostprocessing = 0;
		};
/* End PBXResourcesBuildPhase section */

/* Begin PBXSourcesBuildPhase section */
		BDE7AE9C203F6AF100D169F8 /* Sources */ = {
			isa = PBXSourcesBuildPhase;
			buildActionMask = 2147483647;
			files = (
				BDE7AEA6203F6AF100D169F8 /* ViewController.swift in Sources */,
				BDE7AEB6203F70D100D169F8 /* CounterBrain.swift in Sources */,
				3FBB858F203F85440007ABB9 /* CounterModel.swift in Sources */,
				BDE7AEA4203F6AF100D169F8 /* AppDelegate.swift in Sources */,
			);
			runOnlyForDeploymentPostprocessing = 0;
		};
/* End PBXSourcesBuildPhase section */

/* Begin PBXVariantGroup section */
		BDE7AEA7203F6AF100D169F8 /* Main.storyboard */ = {
			isa = PBXVariantGroup;
			children = (
				BDE7AEA8203F6AF100D169F8 /* Base */,
			);
			name = Main.storyboard;
			sourceTree = "<group>";
		};
		BDE7AEAC203F6AF100D169F8 /* LaunchScreen.storyboard */ = {
			isa = PBXVariantGroup;
			children = (
				BDE7AEAD203F6AF100D169F8 /* Base */,
			);
			name = LaunchScreen.storyboard;
			sourceTree = "<group>";
		};
/* End PBXVariantGroup section */

/* Begin XCBuildConfiguration section */
		BDE7AEB0203F6AF100D169F8 /* Debug */ = {
			isa = XCBuildConfiguration;
			buildSettings = {
				ALWAYS_SEARCH_USER_PATHS = NO;
				CLANG_ANALYZER_NONNULL = YES;
				CLANG_ANALYZER_NUMBER_OBJECT_CONVERSION = YES_AGGRESSIVE;
				CLANG_CXX_LANGUAGE_STANDARD = "gnu++14";
				CLANG_CXX_LIBRARY = "libc++";
				CLANG_ENABLE_MODULES = YES;
				CLANG_ENABLE_OBJC_ARC = YES;
				CLANG_WARN_BLOCK_CAPTURE_AUTORELEASING = YES;
				CLANG_WARN_BOOL_CONVERSION = YES;
				CLANG_WARN_COMMA = YES;
				CLANG_WARN_CONSTANT_CONVERSION = YES;
				CLANG_WARN_DIRECT_OBJC_ISA_USAGE = YES_ERROR;
				CLANG_WARN_DOCUMENTATION_COMMENTS = YES;
				CLANG_WARN_EMPTY_BODY = YES;
				CLANG_WARN_ENUM_CONVERSION = YES;
				CLANG_WARN_INFINITE_RECURSION = YES;
				CLANG_WARN_INT_CONVERSION = YES;
				CLANG_WARN_NON_LITERAL_NULL_CONVERSION = YES;
				CLANG_WARN_OBJC_LITERAL_CONVERSION = YES;
				CLANG_WARN_OBJC_ROOT_CLASS = YES_ERROR;
				CLANG_WARN_RANGE_LOOP_ANALYSIS = YES;
				CLANG_WARN_STRICT_PROTOTYPES = YES;
				CLANG_WARN_SUSPICIOUS_MOVE = YES;
				CLANG_WARN_UNGUARDED_AVAILABILITY = YES_AGGRESSIVE;
				CLANG_WARN_UNREACHABLE_CODE = YES;
				CLANG_WARN__DUPLICATE_METHOD_MATCH = YES;
				CODE_SIGN_IDENTITY = "iPhone Developer";
				COPY_PHASE_STRIP = NO;
				DEBUG_INFORMATION_FORMAT = dwarf;
				ENABLE_STRICT_OBJC_MSGSEND = YES;
				ENABLE_TESTABILITY = YES;
				GCC_C_LANGUAGE_STANDARD = gnu11;
				GCC_DYNAMIC_NO_PIC = NO;
				GCC_NO_COMMON_BLOCKS = YES;
				GCC_OPTIMIZATION_LEVEL = 0;
				GCC_PREPROCESSOR_DEFINITIONS = (
					"DEBUG=1",
					"$(inherited)",
				);
				GCC_WARN_64_TO_32_BIT_CONVERSION = YES;
				GCC_WARN_ABOUT_RETURN_TYPE = YES_ERROR;
				GCC_WARN_UNDECLARED_SELECTOR = YES;
				GCC_WARN_UNINITIALIZED_AUTOS = YES_AGGRESSIVE;
				GCC_WARN_UNUSED_FUNCTION = YES;
				GCC_WARN_UNUSED_VARIABLE = YES;
				IPHONEOS_DEPLOYMENT_TARGET = 11.2;
				MTL_ENABLE_DEBUG_INFO = YES;
				ONLY_ACTIVE_ARCH = YES;
				SDKROOT = iphoneos;
				SWIFT_ACTIVE_COMPILATION_CONDITIONS = DEBUG;
				SWIFT_OPTIMIZATION_LEVEL = "-Onone";
			};
			name = Debug;
		};
		BDE7AEB1203F6AF100D169F8 /* Release */ = {
			isa = XCBuildConfiguration;
			buildSettings = {
				ALWAYS_SEARCH_USER_PATHS = NO;
				CLANG_ANALYZER_NONNULL = YES;
				CLANG_ANALYZER_NUMBER_OBJECT_CONVERSION = YES_AGGRESSIVE;
				CLANG_CXX_LANGUAGE_STANDARD = "gnu++14";
				CLANG_CXX_LIBRARY = "libc++";
				CLANG_ENABLE_MODULES = YES;
				CLANG_ENABLE_OBJC_ARC = YES;
				CLANG_WARN_BLOCK_CAPTURE_AUTORELEASING = YES;
				CLANG_WARN_BOOL_CONVERSION = YES;
				CLANG_WARN_COMMA = YES;
				CLANG_WARN_CONSTANT_CONVERSION = YES;
				CLANG_WARN_DIRECT_OBJC_ISA_USAGE = YES_ERROR;
				CLANG_WARN_DOCUMENTATION_COMMENTS = YES;
				CLANG_WARN_EMPTY_BODY = YES;
				CLANG_WARN_ENUM_CONVERSION = YES;
				CLANG_WARN_INFINITE_RECURSION = YES;
				CLANG_WARN_INT_CONVERSION = YES;
				CLANG_WARN_NON_LITERAL_NULL_CONVERSION = YES;
				CLANG_WARN_OBJC_LITERAL_CONVERSION = YES;
				CLANG_WARN_OBJC_ROOT_CLASS = YES_ERROR;
				CLANG_WARN_RANGE_LOOP_ANALYSIS = YES;
				CLANG_WARN_STRICT_PROTOTYPES = YES;
				CLANG_WARN_SUSPICIOUS_MOVE = YES;
				CLANG_WARN_UNGUARDED_AVAILABILITY = YES_AGGRESSIVE;
				CLANG_WARN_UNREACHABLE_CODE = YES;
				CLANG_WARN__DUPLICATE_METHOD_MATCH = YES;
				CODE_SIGN_IDENTITY = "iPhone Developer";
				COPY_PHASE_STRIP = NO;
				DEBUG_INFORMATION_FORMAT = "dwarf-with-dsym";
				ENABLE_NS_ASSERTIONS = NO;
				ENABLE_STRICT_OBJC_MSGSEND = YES;
				GCC_C_LANGUAGE_STANDARD = gnu11;
				GCC_NO_COMMON_BLOCKS = YES;
				GCC_WARN_64_TO_32_BIT_CONVERSION = YES;
				GCC_WARN_ABOUT_RETURN_TYPE = YES_ERROR;
				GCC_WARN_UNDECLARED_SELECTOR = YES;
				GCC_WARN_UNINITIALIZED_AUTOS = YES_AGGRESSIVE;
				GCC_WARN_UNUSED_FUNCTION = YES;
				GCC_WARN_UNUSED_VARIABLE = YES;
				IPHONEOS_DEPLOYMENT_TARGET = 11.2;
				MTL_ENABLE_DEBUG_INFO = NO;
				SDKROOT = iphoneos;
				SWIFT_OPTIMIZATION_LEVEL = "-Owholemodule";
				VALIDATE_PRODUCT = YES;
			};
			name = Release;
		};
		BDE7AEB3203F6AF100D169F8 /* Debug */ = {
			isa = XCBuildConfiguration;
			buildSettings = {
				ASSETCATALOG_COMPILER_APPICON_NAME = AppIcon;
				CODE_SIGN_STYLE = Automatic;
				INFOPLIST_FILE = UserDefaults/Info.plist;
				LD_RUNPATH_SEARCH_PATHS = "$(inherited) @executable_path/Frameworks";
				PRODUCT_BUNDLE_IDENTIFIER = com.PaulSolt.UserDefaults;
				PRODUCT_NAME = "$(TARGET_NAME)";
				SWIFT_VERSION = 4.0;
				TARGETED_DEVICE_FAMILY = "1,2";
			};
			name = Debug;
		};
		BDE7AEB4203F6AF100D169F8 /* Release */ = {
			isa = XCBuildConfiguration;
			buildSettings = {
				ASSETCATALOG_COMPILER_APPICON_NAME = AppIcon;
				CODE_SIGN_STYLE = Automatic;
				INFOPLIST_FILE = UserDefaults/Info.plist;
				LD_RUNPATH_SEARCH_PATHS = "$(inherited) @executable_path/Frameworks";
				PRODUCT_BUNDLE_IDENTIFIER = com.PaulSolt.UserDefaults;
				PRODUCT_NAME = "$(TARGET_NAME)";
				SWIFT_VERSION = 4.0;
				TARGETED_DEVICE_FAMILY = "1,2";
			};
			name = Release;
		};
/* End XCBuildConfiguration section */

/* Begin XCConfigurationList section */
		BDE7AE9B203F6AF100D169F8 /* Build configuration list for PBXProject "UserDefaults" */ = {
			isa = XCConfigurationList;
			buildConfigurations = (
				BDE7AEB0203F6AF100D169F8 /* Debug */,
				BDE7AEB1203F6AF100D169F8 /* Release */,
			);
			defaultConfigurationIsVisible = 0;
			defaultConfigurationName = Release;
		};
		BDE7AEB2203F6AF100D169F8 /* Build configuration list for PBXNativeTarget "UserDefaults" */ = {
			isa = XCConfigurationList;
			buildConfigurations = (
				BDE7AEB3203F6AF100D169F8 /* Debug */,
				BDE7AEB4203F6AF100D169F8 /* Release */,
			);
			defaultConfigurationIsVisible = 0;
			defaultConfigurationName = Release;
		};
/* End XCConfigurationList section */
	};
	rootObject = BDE7AE98203F6AF100D169F8 /* Project object */;
}
